lockfileVersion: '6.0'

devDependencies:
  typescript:
    specifier: ^4.0.8
    version: 4.0.8

packages:

  /typescript@4.0.8:
    resolution: {integrity: sha512-oz1765PN+imfz1MlZzSZPtC/tqcwsCyIYA8L47EkRnRW97ztRk83SzMiWLrnChC0vqoYxSU1fcFUDA5gV/ZiPg==}
    engines: {node: '>=4.2.0'}
    hasBin: true
    dev: true
